
Microsoft Visual Studio Solution File, Format Version 12.00
# Visual Studio Version 17
VisualStudioVersion = 17.3.32901.215
MinimumVisualStudioVersion = 10.0.40219.1
Project("{FAE04EC0-301F-11D3-BF4B-00C04F79EFBC}") = "DannyRocko5976", "DannyRocko5976.csproj", "{6AE7AEC2-2DE7-45F7-92C7-3DA32E80A239}"
EndProject
Global
	GlobalSection(SolutionConfigurationPlatforms) = preSolution
		Debug|Any CPU = Debug|Any CPU
		Release|Any CPU = Release|Any CPU
	EndGlobalSection
	GlobalSection(ProjectConfigurationPlatforms) = postSolution
		{6AE7AEC2-2DE7-45F7-92C7-3DA32E80A239}.Debug|Any CPU.ActiveCfg = Debug|Any CPU
		{6AE7AEC2-2DE7-45F7-92C7-3DA32E80A239}.Debug|Any CPU.Build.0 = Debug|Any CPU
		{6AE7AEC2-2DE7-45F7-92C7-3DA32E80A239}.Release|Any CPU.ActiveCfg = Release|Any CPU
		{6AE7AEC2-2DE7-45F7-92C7-3DA32E80A239}.Release|Any CPU.Build.0 = Release|Any CPU
	EndGlobalSection
	GlobalSection(SolutionProperties) = preSolution
		HideSolutionNode = FALSE
	EndGlobalSection
	GlobalSection(ExtensibilityGlobals) = postSolution
		SolutionGuid = {D06FD51C-D04C-499D-BD91-2E6E7F717EAE}
	EndGlobalSection
EndGlobal
